// !$*UTF8*$!
{
	archiveVersion = 1;
	classes = {
	};
	objectVersion = 55;
	objects = {

/* Begin PBXBuildFile section */
		545AF4B3290DE5BA00C58106 /* AppDelegate.swift in Sources */ = {isa = PBXBuildFile; fileRef = 545AF4B2290DE5BA00C58106 /* AppDelegate.swift */; };
		545AF4B5290DE5BA00C58106 /* SceneDelegate.swift in Sources */ = {isa = PBXBuildFile; fileRef = 545AF4B4290DE5BA00C58106 /* SceneDelegate.swift */; };
		545AF4B7290DE5BA00C58106 /* ViewController.swift in Sources */ = {isa = PBXBuildFile; fileRef = 545AF4B6290DE5BA00C58106 /* ViewController.swift */; };
		545AF4BA290DE5BA00C58106 /* Main.storyboard in Resources */ = {isa = PBXBuildFile; fileRef = 545AF4B8290DE5BA00C58106 /* Main.storyboard */; };
		545AF4BC290DE5BD00C58106 /* Assets.xcassets in Resources */ = {isa = PBXBuildFile; fileRef = 545AF4BB290DE5BD00C58106 /* Assets.xcassets */; };
		545AF4BF290DE5BD00C58106 /* LaunchScreen.storyboard in Resources */ = {isa = PBXBuildFile; fileRef = 545AF4BD290DE5BD00C58106 /* LaunchScreen.storyboard */; };
		545AF4CA290DE5BD00C58106 /* FlashcardsTests.swift in Sources */ = {isa = PBXBuildFile; fileRef = 545AF4C9290DE5BD00C58106 /* FlashcardsTests.swift */; };
		545AF4D4290DE5BD00C58106 /* FlashcardsUITests.swift in Sources */ = {isa = PBXBuildFile; fileRef = 545AF4D3290DE5BD00C58106 /* FlashcardsUITests.swift */; };
		545AF4D6290DE5BD00C58106 /* FlashcardsUITestsLaunchTests.swift in Sources */ = {isa = PBXBuildFile; fileRef = 545AF4D5290DE5BD00C58106 /* FlashcardsUITestsLaunchTests.swift */; };
/* End PBXBuildFile section */

/* Begin PBXContainerItemProxy section */
		545AF4C6290DE5BD00C58106 /* PBXContainerItemProxy */ = {
			isa = PBXContainerItemProxy;
			containerPortal = 545AF4A7290DE5BA00C58106 /* Project object */;
			proxyType = 1;
			remoteGlobalIDString = 545AF4AE290DE5BA00C58106;
			remoteInfo = Flashcards;
		};
		545AF4D0290DE5BD00C58106 /* PBXContainerItemProxy */ = {
			isa = PBXContainerItemProxy;
			containerPortal = 545AF4A7290DE5BA00C58106 /* Project object */;
			proxyType = 1;
			remoteGlobalIDString = 545AF4AE290DE5BA00C58106;
			remoteInfo = Flashcards;
		};
/* End PBXContainerItemProxy section */

/* Begin PBXFileReference section */
		545AF4AF290DE5BA00C58106 /* Flashcards_without_correctAnswer.app */ = {isa = PBXFileReference; explicitFileType = wrapper.application; includeInIndex = 0; path = Flashcards_without_correctAnswer.app; sourceTree = BUILT_PRODUCTS_DIR; };
		545AF4B2290DE5BA00C58106 /* AppDelegate.swift */ = {isa = PBXFileReference; lastKnownFileType = sourcecode.swift; path = AppDelegate.swift; sourceTree = "<group>"; };
		545AF4B4290DE5BA00C58106 /* SceneDelegate.swift */ = {isa = PBXFileReference; lastKnownFileType = sourcecode.swift; path = SceneDelegate.swift; sourceTree = "<group>"; };
		545AF4B6290DE5BA00C58106 /* ViewController.swift */ = {isa = PBXFileReference; lastKnownFileType = sourcecode.swift; path = ViewController.swift; sourceTree = "<group>"; };
		545AF4B9290DE5BA00C58106 /* Base */ = {isa = PBXFileReference; lastKnownFileType = file.storyboard; name = Base; path = Base.lproj/Main.storyboard; sourceTree = "<group>"; };
		545AF4BB290DE5BD00C58106 /* Assets.xcassets */ = {isa = PBXFileReference; lastKnownFileType = folder.assetcatalog; path = Assets.xcassets; sourceTree = "<group>"; };
		545AF4BE290DE5BD00C58106 /* Base */ = {isa = PBXFileReference; lastKnownFileType = file.storyboard; name = Base; path = Base.lproj/LaunchScreen.storyboard; sourceTree = "<group>"; };
		545AF4C0290DE5BD00C58106 /* Info.plist */ = {isa = PBXFileReference; lastKnownFileType = text.plist.xml; path = Info.plist; sourceTree = "<group>"; };
		545AF4C5290DE5BD00C58106 /* Flashcards_without_correctAnswerTests.xctest */ = {isa = PBXFileReference; explicitFileType = wrapper.cfbundle; includeInIndex = 0; path = Flashcards_without_correctAnswerTests.xctest; sourceTree = BUILT_PRODUCTS_DIR; };
		545AF4C9290DE5BD00C58106 /* FlashcardsTests.swift */ = {isa = PBXFileReference; lastKnownFileType = sourcecode.swift; path = FlashcardsTests.swift; sourceTree = "<group>"; };
		545AF4CF290DE5BD00C58106 /* Flashcards_without_correctAnswerUITests.xctest */ = {isa = PBXFileReference; explicitFileType = wrapper.cfbundle; includeInIndex = 0; path = Flashcards_without_correctAnswerUITests.xctest; sourceTree = BUILT_PRODUCTS_DIR; };
		545AF4D3290DE5BD00C58106 /* FlashcardsUITests.swift */ = {isa = PBXFileReference; lastKnownFileType = sourcecode.swift; path = FlashcardsUITests.swift; sourceTree = "<group>"; };
		545AF4D5290DE5BD00C58106 /* FlashcardsUITestsLaunchTests.swift */ = {isa = PBXFileReference; lastKnownFileType = sourcecode.swift; path = FlashcardsUITestsLaunchTests.swift; sourceTree = "<group>"; };
/* End PBXFileReference section */

/* Begin PBXFrameworksBuildPhase section */
		545AF4AC290DE5BA00C58106 /* Frameworks */ = {
			isa = PBXFrameworksBuildPhase;
			buildActionMask = 2147483647;
			files = (
			);
			runOnlyForDeploymentPostprocessing = 0;
		};
		545AF4C2290DE5BD00C58106 /* Frameworks */ = {
			isa = PBXFrameworksBuildPhase;
			buildActionMask = 2147483647;
			files = (
			);
			runOnlyForDeploymentPostprocessing = 0;
		};
		545AF4CC290DE5BD00C58106 /* Frameworks */ = {
			isa = PBXFrameworksBuildPhase;
			buildActionMask = 2147483647;
			files = (
			);
			runOnlyForDeploymentPostprocessing = 0;
		};
/* End PBXFrameworksBuildPhase section */

/* Begin PBXGroup section */
		545AF4A6290DE5BA00C58106 = {
			isa = PBXGroup;
			children = (
				545AF4B1290DE5BA00C58106 /* Flashcards */,
				545AF4C8290DE5BD00C58106 /* FlashcardsTests */,
				545AF4D2290DE5BD00C58106 /* FlashcardsUITests */,
				545AF4B0290DE5BA00C58106 /* Products */,
			);
			sourceTree = "<group>";
		};
		545AF4B0290DE5BA00C58106 /* Products */ = {
			isa = PBXGroup;
			children = (
				545AF4AF290DE5BA00C58106 /* Flashcards_without_correctAnswer.app */,
				545AF4C5290DE5BD00C58106 /* Flashcards_without_correctAnswerTests.xctest */,
				545AF4CF290DE5BD00C58106 /* Flashcards_without_correctAnswerUITests.xctest */,
			);
			name = Products;
			sourceTree = "<group>";
		};
		545AF4B1290DE5BA00C58106 /* Flashcards */ = {
			isa = PBXGroup;
			children = (
				545AF4B2290DE5BA00C58106 /* AppDelegate.swift */,
				545AF4B4290DE5BA00C58106 /* SceneDelegate.swift */,
				545AF4B6290DE5BA00C58106 /* ViewController.swift */,
				545AF4B8290DE5BA00C58106 /* Main.storyboard */,
				545AF4BB290DE5BD00C58106 /* Assets.xcassets */,
				545AF4BD290DE5BD00C58106 /* LaunchScreen.storyboard */,
				545AF4C0290DE5BD00C58106 /* Info.plist */,
			);
			path = Flashcards;
			sourceTree = "<group>";
		};
		545AF4C8290DE5BD00C58106 /* FlashcardsTests */ = {
			isa = PBXGroup;
			children = (
				545AF4C9290DE5BD00C58106 /* FlashcardsTests.swift */,
			);
			path = FlashcardsTests;
			sourceTree = "<group>";
		};
		545AF4D2290DE5BD00C58106 /* FlashcardsUITests */ = {
			isa = PBXGroup;
			children = (
				545AF4D3290DE5BD00C58106 /* FlashcardsUITests.swift */,
				545AF4D5290DE5BD00C58106 /* FlashcardsUITestsLaunchTests.swift */,
			);
			path = FlashcardsUITests;
			sourceTree = "<group>";
		};
/* End PBXGroup section */

/* Begin PBXNativeTarget section */
		545AF4AE290DE5BA00C58106 /* Flashcards_without_correctAnswer */ = {
			isa = PBXNativeTarget;
			buildConfigurationList = 545AF4D9290DE5BD00C58106 /* Build configuration list for PBXNativeTarget "Flashcards_without_correctAnswer" */;
			buildPhases = (
				545AF4AB290DE5BA00C58106 /* Sources */,
				545AF4AC290DE5BA00C58106 /* Frameworks */,
				545AF4AD290DE5BA00C58106 /* Resources */,
			);
			buildRules = (
			);
			dependencies = (
			);
			name = Flashcards_without_correctAnswer;
			productName = Flashcards;
			productReference = 545AF4AF290DE5BA00C58106 /* Flashcards_without_correctAnswer.app */;
			productType = "com.apple.product-type.application";
		};
		545AF4C4290DE5BD00C58106 /* Flashcards_without_correctAnswerTests */ = {
			isa = PBXNativeTarget;
			buildConfigurationList = 545AF4DC290DE5BD00C58106 /* Build configuration list for PBXNativeTarget "Flashcards_without_correctAnswerTests" */;
			buildPhases = (
				545AF4C1290DE5BD00C58106 /* Sources */,
				545AF4C2290DE5BD00C58106 /* Frameworks */,
				545AF4C3290DE5BD00C58106 /* Resources */,
			);
			buildRules = (
			);
			dependencies = (
				545AF4C7290DE5BD00C58106 /* PBXTargetDependency */,
			);
			name = Flashcards_without_correctAnswerTests;
			productName = FlashcardsTests;
			productReference = 545AF4C5290DE5BD00C58106 /* Flashcards_without_correctAnswerTests.xctest */;
			productType = "com.apple.product-type.bundle.unit-test";
		};
		545AF4CE290DE5BD00C58106 /* Flashcards_without_correctAnswerUITests */ = {
			isa = PBXNativeTarget;
			buildConfigurationList = 545AF4DF290DE5BD00C58106 /* Build configuration list for PBXNativeTarget "Flashcards_without_correctAnswerUITests" */;
			buildPhases = (
				545AF4CB290DE5BD00C58106 /* Sources */,
				545AF4CC290DE5BD00C58106 /* Frameworks */,
				545AF4CD290DE5BD00C58106 /* Resources */,
			);
			buildRules = (
			);
			dependencies = (
				545AF4D1290DE5BD00C58106 /* PBXTargetDependency */,
			);
			name = Flashcards_without_correctAnswerUITests;
			productName = FlashcardsUITests;
			productReference = 545AF4CF290DE5BD00C58106 /* Flashcards_without_correctAnswerUITests.xctest */;
			productType = "com.apple.product-type.bundle.ui-testing";
		};
/* End PBXNativeTarget section */

/* Begin PBXProject section */
		545AF4A7290DE5BA00C58106 /* Project object */ = {
			isa = PBXProject;
			attributes = {
				BuildIndependentTargetsInParallel = 1;
				LastSwiftUpdateCheck = 1340;
				LastUpgradeCheck = 1340;
				TargetAttributes = {
					545AF4AE290DE5BA00C58106 = {
						CreatedOnToolsVersion = 13.4.1;
					};
					545AF4C4290DE5BD00C58106 = {
						CreatedOnToolsVersion = 13.4.1;
						TestTargetID = 545AF4AE290DE5BA00C58106;
					};
					545AF4CE290DE5BD00C58106 = {
						CreatedOnToolsVersion = 13.4.1;
						TestTargetID = 545AF4AE290DE5BA00C58106;
					};
				};
			};
			buildConfigurationList = 545AF4AA290DE5BA00C58106 /* Build configuration list for PBXProject "Flashcards_without_correctAnswer" */;
			compatibilityVersion = "Xcode 13.0";
			developmentRegion = en;
			hasScannedForEncodings = 0;
			knownRegions = (
				en,
				Base,
			);
			mainGroup = 545AF4A6290DE5BA00C58106;
			productRefGroup = 545AF4B0290DE5BA00C58106 /* Products */;
			projectDirPath = "";
			projectRoot = "";
			targets = (
				545AF4AE290DE5BA00C58106 /* Flashcards_without_correctAnswer */,
				545AF4C4290DE5BD00C58106 /* Flashcards_without_correctAnswerTests */,
				545AF4CE290DE5BD00C58106 /* Flashcards_without_correctAnswerUITests */,
			);
		};
/* End PBXProject section */

/* Begin PBXResourcesBuildPhase section */
		545AF4AD290DE5BA00C58106 /* Resources */ = {
			isa = PBXResourcesBuildPhase;
			buildActionMask = 2147483647;
			files = (
				545AF4BF290DE5BD00C58106 /* LaunchScreen.storyboard in Resources */,
				545AF4BC290DE5BD00C58106 /* Assets.xcassets in Resources */,
				545AF4BA290DE5BA00C58106 /* Main.storyboard in Resources */,
			);
			runOnlyForDeploymentPostprocessing = 0;
		};
		545AF4C3290DE5BD00C58106 /* Resources */ = {
			isa = PBXResourcesBuildPhase;
			buildActionMask = 2147483647;
			files = (
			);
			runOnlyForDeploymentPostprocessing = 0;
		};
		545AF4CD290DE5BD00C58106 /* Resources */ = {
			isa = PBXResourcesBuildPhase;
			buildActionMask = 2147483647;
			files = (
			);
			runOnlyForDeploymentPostprocessing = 0;
		};
/* End PBXResourcesBuildPhase section */

/* Begin PBXSourcesBuildPhase section */
		545AF4AB290DE5BA00C58106 /* Sources */ = {
			isa = PBXSourcesBuildPhase;
			buildActionMask = 2147483647;
			files = (
				545AF4B7290DE5BA00C58106 /* ViewController.swift in Sources */,
				545AF4B3290DE5BA00C58106 /* AppDelegate.swift in Sources */,
				545AF4B5290DE5BA00C58106 /* SceneDelegate.swift in Sources */,
			);
			runOnlyForDeploymentPostprocessing = 0;
		};
		545AF4C1290DE5BD00C58106 /* Sources */ = {
			isa = PBXSourcesBuildPhase;
			buildActionMask = 2147483647;
			files = (
				545AF4CA290DE5BD00C58106 /* FlashcardsTests.swift in Sources */,
			);
			runOnlyForDeploymentPostprocessing = 0;
		};
		545AF4CB290DE5BD00C58106 /* Sources */ = {
			isa = PBXSourcesBuildPhase;
			buildActionMask = 2147483647;
			files = (
				545AF4D4290DE5BD00C58106 /* FlashcardsUITests.swift in Sources */,
				545AF4D6290DE5BD00C58106 /* FlashcardsUITestsLaunchTests.swift in Sources */,
			);
			runOnlyForDeploymentPostprocessing = 0;
		};
/* End PBXSourcesBuildPhase section */

/* Begin PBXTargetDependency section */
		545AF4C7290DE5BD00C58106 /* PBXTargetDependency */ = {
			isa = PBXTargetDependency;
			target = 545AF4AE290DE5BA00C58106 /* Flashcards_without_correctAnswer */;
			targetProxy = 545AF4C6290DE5BD00C58106 /* PBXContainerItemProxy */;
		};
		545AF4D1290DE5BD00C58106 /* PBXTargetDependency */ = {
			isa = PBXTargetDependency;
			target = 545AF4AE290DE5BA00C58106 /* Flashcards_without_correctAnswer */;
			targetProxy = 545AF4D0290DE5BD00C58106 /* PBXContainerItemProxy */;
		};
/* End PBXTargetDependency section */

/* Begin PBXVariantGroup section */
		545AF4B8290DE5BA00C58106 /* Main.storyboard */ = {
			isa = PBXVariantGroup;
			children = (
				545AF4B9290DE5BA00C58106 /* Base */,
			);
			name = Main.storyboard;
			sourceTree = "<group>";
		};
		545AF4BD290DE5BD00C58106 /* LaunchScreen.storyboard */ = {
			isa = PBXVariantGroup;
			children = (
				545AF4BE290DE5BD00C58106 /* Base */,
			);
			name = LaunchScreen.storyboard;
			sourceTree = "<group>";
		};
/* End PBXVariantGroup section */

/* Begin XCBuildConfiguration section */
		545AF4D7290DE5BD00C58106 /* Debug */ = {
			isa = XCBuildConfiguration;
			buildSettings = {
				ALWAYS_SEARCH_USER_PATHS = NO;
				CLANG_ANALYZER_NONNULL = YES;
				CLANG_ANALYZER_NUMBER_OBJECT_CONVERSION = YES_AGGRESSIVE;
				CLANG_CXX_LANGUAGE_STANDARD = "gnu++17";
				CLANG_ENABLE_MODULES = YES;
				CLANG_ENABLE_OBJC_ARC = YES;
				CLANG_ENABLE_OBJC_WEAK = YES;
				CLANG_WARN_BLOCK_CAPTURE_AUTORELEASING = YES;
				CLANG_WARN_BOOL_CONVERSION = YES;
				CLANG_WARN_COMMA = YES;
				CLANG_WARN_CONSTANT_CONVERSION = YES;
				CLANG_WARN_DEPRECATED_OBJC_IMPLEMENTATIONS = YES;
				CLANG_WARN_DIRECT_OBJC_ISA_USAGE = YES_ERROR;
				CLANG_WARN_DOCUMENTATION_COMMENTS = YES;
				CLANG_WARN_EMPTY_BODY = YES;
				CLANG_WARN_ENUM_CONVERSION = YES;
				CLANG_WARN_INFINITE_RECURSION = YES;
				CLANG_WARN_INT_CONVERSION = YES;
				CLANG_WARN_NON_LITERAL_NULL_CONVERSION = YES;
				CLANG_WARN_OBJC_IMPLICIT_RETAIN_SELF = YES;
				CLANG_WARN_OBJC_LITERAL_CONVERSION = YES;
				CLANG_WARN_OBJC_ROOT_CLASS = YES_ERROR;
				CLANG_WARN_QUOTED_INCLUDE_IN_FRAMEWORK_HEADER = YES;
				CLANG_WARN_RANGE_LOOP_ANALYSIS = YES;
				CLANG_WARN_STRICT_PROTOTYPES = YES;
				CLANG_WARN_SUSPICIOUS_MOVE = YES;
				CLANG_WARN_UNGUARDED_AVAILABILITY = YES_AGGRESSIVE;
				CLANG_WARN_UNREACHABLE_CODE = YES;
				CLANG_WARN__DUPLICATE_METHOD_MATCH = YES;
				COPY_PHASE_STRIP = NO;
				DEBUG_INFORMATION_FORMAT = dwarf;
				ENABLE_STRICT_OBJC_MSGSEND = YES;
				ENABLE_TESTABILITY = YES;
				GCC_C_LANGUAGE_STANDARD = gnu11;
				GCC_DYNAMIC_NO_PIC = NO;
				GCC_NO_COMMON_BLOCKS = YES;
				GCC_OPTIMIZATION_LEVEL = 0;
				GCC_PREPROCESSOR_DEFINITIONS = (
					"DEBUG=1",
					"$(inherited)",
				);
				GCC_WARN_64_TO_32_BIT_CONVERSION = YES;
				GCC_WARN_ABOUT_RETURN_TYPE = YES_ERROR;
				GCC_WARN_UNDECLARED_SELECTOR = YES;
				GCC_WARN_UNINITIALIZED_AUTOS = YES_AGGRESSIVE;
				GCC_WARN_UNUSED_FUNCTION = YES;
				GCC_WARN_UNUSED_VARIABLE = YES;
				IPHONEOS_DEPLOYMENT_TARGET = 15.5;
				MTL_ENABLE_DEBUG_INFO = INCLUDE_SOURCE;
				MTL_FAST_MATH = YES;
				ONLY_ACTIVE_ARCH = YES;
				SDKROOT = iphoneos;
				SWIFT_ACTIVE_COMPILATION_CONDITIONS = DEBUG;
				SWIFT_OPTIMIZATION_LEVEL = "-Onone";
			};
			name = Debug;
		};
		545AF4D8290DE5BD00C58106 /* Release */ = {
			isa = XCBuildConfiguration;
			buildSettings = {
				ALWAYS_SEARCH_USER_PATHS = NO;
				CLANG_ANALYZER_NONNULL = YES;
				CLANG_ANALYZER_NUMBER_OBJECT_CONVERSION = YES_AGGRESSIVE;
				CLANG_CXX_LANGUAGE_STANDARD = "gnu++17";
				CLANG_ENABLE_MODULES = YES;
				CLANG_ENABLE_OBJC_ARC = YES;
				CLANG_ENABLE_OBJC_WEAK = YES;
				CLANG_WARN_BLOCK_CAPTURE_AUTORELEASING = YES;
				CLANG_WARN_BOOL_CONVERSION = YES;
				CLANG_WARN_COMMA = YES;
				CLANG_WARN_CONSTANT_CONVERSION = YES;
				CLANG_WARN_DEPRECATED_OBJC_IMPLEMENTATIONS = YES;
				CLANG_WARN_DIRECT_OBJC_ISA_USAGE = YES_ERROR;
				CLANG_WARN_DOCUMENTATION_COMMENTS = YES;
				CLANG_WARN_EMPTY_BODY = YES;
				CLANG_WARN_ENUM_CONVERSION = YES;
				CLANG_WARN_INFINITE_RECURSION = YES;
				CLANG_WARN_INT_CONVERSION = YES;
				CLANG_WARN_NON_LITERAL_NULL_CONVERSION = YES;
				CLANG_WARN_OBJC_IMPLICIT_RETAIN_SELF = YES;
				CLANG_WARN_OBJC_LITERAL_CONVERSION = YES;
				CLANG_WARN_OBJC_ROOT_CLASS = YES_ERROR;
				CLANG_WARN_QUOTED_INCLUDE_IN_FRAMEWORK_HEADER = YES;
				CLANG_WARN_RANGE_LOOP_ANALYSIS = YES;
				CLANG_WARN_STRICT_PROTOTYPES = YES;
				CLANG_WARN_SUSPICIOUS_MOVE = YES;
				CLANG_WARN_UNGUARDED_AVAILABILITY = YES_AGGRESSIVE;
				CLANG_WARN_UNREACHABLE_CODE = YES;
				CLANG_WARN__DUPLICATE_METHOD_MATCH = YES;
				COPY_PHASE_STRIP = NO;
				DEBUG_INFORMATION_FORMAT = "dwarf-with-dsym";
				ENABLE_NS_ASSERTIONS = NO;
				ENABLE_STRICT_OBJC_MSGSEND = YES;
				GCC_C_LANGUAGE_STANDARD = gnu11;
				GCC_NO_COMMON_BLOCKS = YES;
				GCC_WARN_64_TO_32_BIT_CONVERSION = YES;
				GCC_WARN_ABOUT_RETURN_TYPE = YES_ERROR;
				GCC_WARN_UNDECLARED_SELECTOR = YES;
				GCC_WARN_UNINITIALIZED_AUTOS = YES_AGGRESSIVE;
				GCC_WARN_UNUSED_FUNCTION = YES;
				GCC_WARN_UNUSED_VARIABLE = YES;
				IPHONEOS_DEPLOYMENT_TARGET = 15.5;
				MTL_ENABLE_DEBUG_INFO = NO;
				MTL_FAST_MATH = YES;
				SDKROOT = iphoneos;
				SWIFT_COMPILATION_MODE = wholemodule;
				SWIFT_OPTIMIZATION_LEVEL = "-O";
				VALIDATE_PRODUCT = YES;
			};
			name = Release;
		};
		545AF4DA290DE5BD00C58106 /* Debug */ = {
			isa = XCBuildConfiguration;
			buildSettings = {
				ASSETCATALOG_COMPILER_APPICON_NAME = AppIcon;
				ASSETCATALOG_COMPILER_GLOBAL_ACCENT_COLOR_NAME = AccentColor;
				CODE_SIGN_STYLE = Automatic;
				CURRENT_PROJECT_VERSION = 1;
				DEVELOPMENT_TEAM = 92JACG6C5R;
				GENERATE_INFOPLIST_FILE = YES;
				INFOPLIST_FILE = Flashcards/Info.plist;
				INFOPLIST_KEY_UIApplicationSupportsIndirectInputEvents = YES;
				INFOPLIST_KEY_UILaunchStoryboardName = LaunchScreen;
				INFOPLIST_KEY_UIMainStoryboardFile = Main;
				INFOPLIST_KEY_UISupportedInterfaceOrientations_iPad = "UIInterfaceOrientationPortrait UIInterfaceOrientationPortraitUpsideDown UIInterfaceOrientationLandscapeLeft UIInterfaceOrientationLandscapeRight";
				INFOPLIST_KEY_UISupportedInterfaceOrientations_iPhone = "UIInterfaceOrientationPortrait UIInterfaceOrientationLandscapeLeft UIInterfaceOrientationLandscapeRight";
				IPHONEOS_DEPLOYMENT_TARGET = 15.0;
				LD_RUNPATH_SEARCH_PATHS = (
					"$(inherited)",
					"@executable_path/Frameworks",
				);
				MARKETING_VERSION = 1.0;
				PRODUCT_BUNDLE_IDENTIFIER = com.mdh.Flashcards;
				PRODUCT_NAME = "$(TARGET_NAME)";
				SWIFT_EMIT_LOC_STRINGS = YES;
				SWIFT_VERSION = 5.0;
				TARGETED_DEVICE_FAMILY = 1;
			};
			name = Debug;
		};
		545AF4DB290DE5BD00C58106 /* Release */ = {
			isa = XCBuildConfiguration;
			buildSettings = {
				ASSETCATALOG_COMPILER_APPICON_NAME = AppIcon;
				ASSETCATALOG_COMPILER_GLOBAL_ACCENT_COLOR_NAME = AccentColor;
				CODE_SIGN_STYLE = Automatic;
				CURRENT_PROJECT_VERSION = 1;
				DEVELOPMENT_TEAM = 92JACG6C5R;
				GENERATE_INFOPLIST_FILE = YES;
				INFOPLIST_FILE = Flashcards/Info.plist;
				INFOPLIST_KEY_UIApplicationSupportsIndirectInputEvents = YES;
				INFOPLIST_KEY_UILaunchStoryboardName = LaunchScreen;
				INFOPLIST_KEY_UIMainStoryboardFile = Main;
				INFOPLIST_KEY_UISupportedInterfaceOrientations_iPad = "UIInterfaceOrientationPortrait UIInterfaceOrientationPortraitUpsideDown UIInterfaceOrientationLandscapeLeft UIInterfaceOrientationLandscapeRight";
				INFOPLIST_KEY_UISupportedInterfaceOrientations_iPhone = "UIInterfaceOrientationPortrait UIInterfaceOrientationLandscapeLeft UIInterfaceOrientationLandscapeRight";
				IPHONEOS_DEPLOYMENT_TARGET = 15.0;
				LD_RUNPATH_SEARCH_PATHS = (
					"$(inherited)",
					"@executable_path/Frameworks",
				);
				MARKETING_VERSION = 1.0;
				PRODUCT_BUNDLE_IDENTIFIER = com.mdh.Flashcards;
				PRODUCT_NAME = "$(TARGET_NAME)";
				SWIFT_EMIT_LOC_STRINGS = YES;
				SWIFT_VERSION = 5.0;
				TARGETED_DEVICE_FAMILY = 1;
			};
			name = Release;
		};
		545AF4DD290DE5BD00C58106 /* Debug */ = {
			isa = XCBuildConfiguration;
			buildSettings = {
				ALWAYS_EMBED_SWIFT_STANDARD_LIBRARIES = YES;
				BUNDLE_LOADER = "$(TEST_HOST)";
				CODE_SIGN_STYLE = Automatic;
				CURRENT_PROJECT_VERSION = 1;
				DEVELOPMENT_TEAM = 92JACG6C5R;
				GENERATE_INFOPLIST_FILE = YES;
				IPHONEOS_DEPLOYMENT_TARGET = 15.5;
				MARKETING_VERSION = 1.0;
				PRODUCT_BUNDLE_IDENTIFIER = com.mdh.FlashcardsTests;
				PRODUCT_NAME = "$(TARGET_NAME)";
				SWIFT_EMIT_LOC_STRINGS = NO;
				SWIFT_VERSION = 5.0;
				TARGETED_DEVICE_FAMILY = "1,2";
				TEST_HOST = "$(BUILT_PRODUCTS_DIR)/Flashcards_without_correctAnswer.app/Flashcards_without_correctAnswer";
			};
			name = Debug;
		};
		545AF4DE290DE5BD00C58106 /* Release */ = {
			isa = XCBuildConfiguration;
			buildSettings = {
				ALWAYS_EMBED_SWIFT_STANDARD_LIBRARIES = YES;
				BUNDLE_LOADER = "$(TEST_HOST)";
				CODE_SIGN_STYLE = Automatic;
				CURRENT_PROJECT_VERSION = 1;
				DEVELOPMENT_TEAM = 92JACG6C5R;
				GENERATE_INFOPLIST_FILE = YES;
				IPHONEOS_DEPLOYMENT_TARGET = 15.5;
				MARKETING_VERSION = 1.0;
				PRODUCT_BUNDLE_IDENTIFIER = com.mdh.FlashcardsTests;
				PRODUCT_NAME = "$(TARGET_NAME)";
				SWIFT_EMIT_LOC_STRINGS = NO;
				SWIFT_VERSION = 5.0;
				TARGETED_DEVICE_FAMILY = "1,2";
				TEST_HOST = "$(BUILT_PRODUCTS_DIR)/Flashcards_without_correctAnswer.app/Flashcards_without_correctAnswer";
			};
			name = Release;
		};
		545AF4E0290DE5BD00C58106 /* Debug */ = {
			isa = XCBuildConfiguration;
			buildSettings = {
				ALWAYS_EMBED_SWIFT_STANDARD_LIBRARIES = YES;
				CODE_SIGN_STYLE = Automatic;
				CURRENT_PROJECT_VERSION = 1;
				DEVELOPMENT_TEAM = 92JACG6C5R;
				GENERATE_INFOPLIST_FILE = YES;
				MARKETING_VERSION = 1.0;
				PRODUCT_BUNDLE_IDENTIFIER = com.mdh.FlashcardsUITests;
				PRODUCT_NAME = "$(TARGET_NAME)";
				SWIFT_EMIT_LOC_STRINGS = NO;
				SWIFT_VERSION = 5.0;
				TARGETED_DEVICE_FAMILY = "1,2";
				TEST_TARGET_NAME = Flashcards;
			};
			name = Debug;
		};
		545AF4E1290DE5BD00C58106 /* Release */ = {
			isa = XCBuildConfiguration;
			buildSettings = {
				ALWAYS_EMBED_SWIFT_STANDARD_LIBRARIES = YES;
				CODE_SIGN_STYLE = Automatic;
				CURRENT_PROJECT_VERSION = 1;
				DEVELOPMENT_TEAM = 92JACG6C5R;
				GENERATE_INFOPLIST_FILE = YES;
				MARKETING_VERSION = 1.0;
				PRODUCT_BUNDLE_IDENTIFIER = com.mdh.FlashcardsUITests;
				PRODUCT_NAME = "$(TARGET_NAME)";
				SWIFT_EMIT_LOC_STRINGS = NO;
				SWIFT_VERSION = 5.0;
				TARGETED_DEVICE_FAMILY = "1,2";
				TEST_TARGET_NAME = Flashcards;
			};
			name = Release;
		};
/* End XCBuildConfiguration section */

/* Begin XCConfigurationList section */
		545AF4AA290DE5BA00C58106 /* Build configuration list for PBXProject "Flashcards_without_correctAnswer" */ = {
			isa = XCConfigurationList;
			buildConfigurations = (
				545AF4D7290DE5BD00C58106 /* Debug */,
				545AF4D8290DE5BD00C58106 /* Release */,
			);
			defaultConfigurationIsVisible = 0;
			defaultConfigurationName = Release;
		};
		545AF4D9290DE5BD00C58106 /* Build configuration list for PBXNativeTarget "Flashcards_without_correctAnswer" */ = {
			isa = XCConfigurationList;
			buildConfigurations = (
				545AF4DA290DE5BD00C58106 /* Debug */,
				545AF4DB290DE5BD00C58106 /* Release */,
			);
			defaultConfigurationIsVisible = 0;
			defaultConfigurationName = Release;
		};
		545AF4DC290DE5BD00C58106 /* Build configuration list for PBXNativeTarget "Flashcards_without_correctAnswerTests" */ = {
			isa = XCConfigurationList;
			buildConfigurations = (
				545AF4DD290DE5BD00C58106 /* Debug */,
				545AF4DE290DE5BD00C58106 /* Release */,
			);
			defaultConfigurationIsVisible = 0;
			defaultConfigurationName = Release;
		};
		545AF4DF290DE5BD00C58106 /* Build configuration list for PBXNativeTarget "Flashcards_without_correctAnswerUITests" */ = {
			isa = XCConfigurationList;
			buildConfigurations = (
				545AF4E0290DE5BD00C58106 /* Debug */,
				545AF4E1290DE5BD00C58106 /* Release */,
			);
			defaultConfigurationIsVisible = 0;
			defaultConfigurationName = Release;
		};
/* End XCConfigurationList section */
	};
	rootObject = 545AF4A7290DE5BA00C58106 /* Project object */;
}
